
Microsoft Visual Studio Solution File, Format Version 12.00
# Visual Studio 2012
Project("{FAE04EC0-301F-11D3-BF4B-00C04F79EFBC}") = "HandleDivideByZero", "HandleDivideByZero\HandleDivideByZero.csproj", "{CAC71619-B10A-4F0D-9280-42884814DBF3}"
EndProject
Global
	GlobalSection(SolutionConfigurationPlatforms) = preSolution
		Debug|Any CPU = Debug|Any CPU
		Release|Any CPU = Release|Any CPU
	EndGlobalSection
	GlobalSection(ProjectConfigurationPlatforms) = postSolution
		{CAC71619-B10A-4F0D-9280-42884814DBF3}.Debug|Any CPU.ActiveCfg = Debug|Any CPU
		{CAC71619-B10A-4F0D-9280-42884814DBF3}.Debug|Any CPU.Build.0 = Debug|Any CPU
		{CAC71619-B10A-4F0D-9280-42884814DBF3}.Release|Any CPU.ActiveCfg = Release|Any CPU
		{CAC71619-B10A-4F0D-9280-42884814DBF3}.Release|Any CPU.Build.0 = Release|Any CPU
	EndGlobalSection
	GlobalSection(SolutionProperties) = preSolution
		HideSolutionNode = FALSE
	EndGlobalSection
EndGlobal
